
Microsoft Visual Studio Solution File, Format Version 12.00
# Visual Studio 14
VisualStudioVersion = 14.0.25420.1
MinimumVisualStudioVersion = 10.0.40219.1
Project("{8BC9CEB8-8B4A-11D0-8D11-00A0C91BC942}") = "定义字符串", "定义字符串\定义字符串.vcxproj", "{5DF6207C-A9BC-4170-97FE-0ABFBB4E6DE1}"
EndProject
Project("{8BC9CEB8-8B4A-11D0-8D11-00A0C91BC942}") = "字符串常量", "字符串常量\字符串常量.vcxproj", "{0D10A8BD-3592-459B-A04F-453454657F70}"
EndProject
Project("{8BC9CEB8-8B4A-11D0-8D11-00A0C91BC942}") = "字符常量与字符数组区别", "字符常量与字符数组区别\字符常量与字符数组区别.vcxproj", "{3628774F-EF7F-406B-B39B-0E829E40961E}"
EndProject
Project("{8BC9CEB8-8B4A-11D0-8D11-00A0C91BC942}") = "查找字符串重复出现次数", "查找字符串重复出现次数\查找字符串重复出现次数.vcxproj", "{DCE52222-F59C-4454-BE24-F192CB95184A}"
EndProject
Project("{8BC9CEB8-8B4A-11D0-8D11-00A0C91BC942}") = "前后查找字符", "前后查找字符\前后查找字符.vcxproj", "{FC0D2E51-C192-4F92-ADCE-4467BE30DEF0}"
EndProject
Project("{8BC9CEB8-8B4A-11D0-8D11-00A0C91BC942}") = "字符串转换成整型数", "字符串转换成整型数\字符串转换成整型数.vcxproj", "{E4DF575B-9B1B-4E3A-A2A5-FDA408EF8475}"
EndProject
Global
	GlobalSection(SolutionConfigurationPlatforms) = preSolution
		Debug|Win32 = Debug|Win32
		Debug|x64 = Debug|x64
		Release|Win32 = Release|Win32
		Release|x64 = Release|x64
	EndGlobalSection
	GlobalSection(ProjectConfigurationPlatforms) = postSolution
		{5DF6207C-A9BC-4170-97FE-0ABFBB4E6DE1}.Debug|Win32.ActiveCfg = Debug|Win32
		{5DF6207C-A9BC-4170-97FE-0ABFBB4E6DE1}.Debug|Win32.Build.0 = Debug|Win32
		{5DF6207C-A9BC-4170-97FE-0ABFBB4E6DE1}.Debug|x64.ActiveCfg = Debug|Win32
		{5DF6207C-A9BC-4170-97FE-0ABFBB4E6DE1}.Release|Win32.ActiveCfg = Release|Win32
		{5DF6207C-A9BC-4170-97FE-0ABFBB4E6DE1}.Release|Win32.Build.0 = Release|Win32
		{5DF6207C-A9BC-4170-97FE-0ABFBB4E6DE1}.Release|x64.ActiveCfg = Release|Win32
		{0D10A8BD-3592-459B-A04F-453454657F70}.Debug|Win32.ActiveCfg = Debug|Win32
		{0D10A8BD-3592-459B-A04F-453454657F70}.Debug|Win32.Build.0 = Debug|Win32
		{0D10A8BD-3592-459B-A04F-453454657F70}.Debug|x64.ActiveCfg = Debug|x64
		{0D10A8BD-3592-459B-A04F-453454657F70}.Debug|x64.Build.0 = Debug|x64
		{0D10A8BD-3592-459B-A04F-453454657F70}.Release|Win32.ActiveCfg = Release|Win32
		{0D10A8BD-3592-459B-A04F-453454657F70}.Release|Win32.Build.0 = Release|Win32
		{0D10A8BD-3592-459B-A04F-453454657F70}.Release|x64.ActiveCfg = Release|x64
		{0D10A8BD-3592-459B-A04F-453454657F70}.Release|x64.Build.0 = Release|x64
		{3628774F-EF7F-406B-B39B-0E829E40961E}.Debug|Win32.ActiveCfg = Debug|Win32
		{3628774F-EF7F-406B-B39B-0E829E40961E}.Debug|Win32.Build.0 = Debug|Win32
		{3628774F-EF7F-406B-B39B-0E829E40961E}.Debug|x64.ActiveCfg = Debug|x64
		{3628774F-EF7F-406B-B39B-0E829E40961E}.Debug|x64.Build.0 = Debug|x64
		{3628774F-EF7F-406B-B39B-0E829E40961E}.Release|Win32.ActiveCfg = Release|Win32
		{3628774F-EF7F-406B-B39B-0E829E40961E}.Release|Win32.Build.0 = Release|Win32
		{3628774F-EF7F-406B-B39B-0E829E40961E}.Release|x64.ActiveCfg = Release|x64
		{3628774F-EF7F-406B-B39B-0E829E40961E}.Release|x64.Build.0 = Release|x64
		{DCE52222-F59C-4454-BE24-F192CB95184A}.Debug|Win32.ActiveCfg = Debug|Win32
		{DCE52222-F59C-4454-BE24-F192CB95184A}.Debug|Win32.Build.0 = Debug|Win32
		{DCE52222-F59C-4454-BE24-F192CB95184A}.Debug|x64.ActiveCfg = Debug|x64
		{DCE52222-F59C-4454-BE24-F192CB95184A}.Debug|x64.Build.0 = Debug|x64
		{DCE52222-F59C-4454-BE24-F192CB95184A}.Release|Win32.ActiveCfg = Release|Win32
		{DCE52222-F59C-4454-BE24-F192CB95184A}.Release|Win32.Build.0 = Release|Win32
		{DCE52222-F59C-4454-BE24-F192CB95184A}.Release|x64.ActiveCfg = Release|x64
		{DCE52222-F59C-4454-BE24-F192CB95184A}.Release|x64.Build.0 = Release|x64
		{FC0D2E51-C192-4F92-ADCE-4467BE30DEF0}.Debug|Win32.ActiveCfg = Debug|Win32
		{FC0D2E51-C192-4F92-ADCE-4467BE30DEF0}.Debug|Win32.Build.0 = Debug|Win32
		{FC0D2E51-C192-4F92-ADCE-4467BE30DEF0}.Debug|x64.ActiveCfg = Debug|x64
		{FC0D2E51-C192-4F92-ADCE-4467BE30DEF0}.Debug|x64.Build.0 = Debug|x64
		{FC0D2E51-C192-4F92-ADCE-4467BE30DEF0}.Release|Win32.ActiveCfg = Release|Win32
		{FC0D2E51-C192-4F92-ADCE-4467BE30DEF0}.Release|Win32.Build.0 = Release|Win32
		{FC0D2E51-C192-4F92-ADCE-4467BE30DEF0}.Release|x64.ActiveCfg = Release|x64
		{FC0D2E51-C192-4F92-ADCE-4467BE30DEF0}.Release|x64.Build.0 = Release|x64
		{E4DF575B-9B1B-4E3A-A2A5-FDA408EF8475}.Debug|Win32.ActiveCfg = Debug|Win32
		{E4DF575B-9B1B-4E3A-A2A5-FDA408EF8475}.Debug|Win32.Build.0 = Debug|Win32
		{E4DF575B-9B1B-4E3A-A2A5-FDA408EF8475}.Debug|x64.ActiveCfg = Debug|x64
		{E4DF575B-9B1B-4E3A-A2A5-FDA408EF8475}.Debug|x64.Build.0 = Debug|x64
		{E4DF575B-9B1B-4E3A-A2A5-FDA408EF8475}.Release|Win32.ActiveCfg = Release|Win32
		{E4DF575B-9B1B-4E3A-A2A5-FDA408EF8475}.Release|Win32.Build.0 = Release|Win32
		{E4DF575B-9B1B-4E3A-A2A5-FDA408EF8475}.Release|x64.ActiveCfg = Release|x64
		{E4DF575B-9B1B-4E3A-A2A5-FDA408EF8475}.Release|x64.Build.0 = Release|x64
	EndGlobalSection
	GlobalSection(SolutionProperties) = preSolution
		HideSolutionNode = FALSE
	EndGlobalSection
EndGlobal
