
Microsoft Visual Studio Solution File, Format Version 12.00
# Visual Studio 14
VisualStudioVersion = 14.0.25420.1
MinimumVisualStudioVersion = 10.0.40219.1
Project("{8BC9CEB8-8B4A-11D0-8D11-00A0C91BC942}") = "指针定义", "指针定义\指针定义.vcxproj", "{E0F8A3D3-91A7-46C5-B2D7-C4851AD27987}"
EndProject
Project("{8BC9CEB8-8B4A-11D0-8D11-00A0C91BC942}") = "指针赋值", "指针赋值\指针赋值.vcxproj", "{06C6EE42-F106-4DBA-A6E4-89300A04C01B}"
EndProject
Project("{8BC9CEB8-8B4A-11D0-8D11-00A0C91BC942}") = "指针大小", "指针大小\指针大小.vcxproj", "{D962BE06-ACC3-4A67-A9A8-453C86F7CD63}"
EndProject
Project("{8BC9CEB8-8B4A-11D0-8D11-00A0C91BC942}") = "多级指针", "多级指针\多级指针.vcxproj", "{248FA496-1B87-43DB-8BEB-EE793C24BD7D}"
EndProject
Project("{8BC9CEB8-8B4A-11D0-8D11-00A0C91BC942}") = "万能指针void", "万能指针void\万能指针void.vcxproj", "{C2208AEF-1D18-40FF-A1AC-4EFF507A6A8E}"
EndProject
Project("{8BC9CEB8-8B4A-11D0-8D11-00A0C91BC942}") = "指针与方括号", "指针与方括号\指针与方括号.vcxproj", "{D24A6721-E5D1-4715-8DC4-9FCD14D46864}"
EndProject
Project("{8BC9CEB8-8B4A-11D0-8D11-00A0C91BC942}") = "空指针NULL", "空指针NULL\空指针NULL.vcxproj", "{7D920320-BFCE-4D51-8216-0D7A70005DA8}"
EndProject
Project("{8BC9CEB8-8B4A-11D0-8D11-00A0C91BC942}") = "指针步长", "指针步长\指针步长.vcxproj", "{CF974793-D0EB-4DAE-BD69-1B661F419253}"
EndProject
Project("{8BC9CEB8-8B4A-11D0-8D11-00A0C91BC942}") = "修饰指针const", "修饰指针const\修饰指针const.vcxproj", "{574EC062-AE60-4A1D-87BE-1C97ACA7F483}"
EndProject
Project("{8BC9CEB8-8B4A-11D0-8D11-00A0C91BC942}") = "指针数组", "指针数组\指针数组.vcxproj", "{36C9EBBE-C271-4EE9-A2F3-178EA6BF1B01}"
EndProject
Project("{8BC9CEB8-8B4A-11D0-8D11-00A0C91BC942}") = "main函数参数说明", "main函数参数说明\main函数参数说明.vcxproj", "{4DF21A0E-779D-4582-987C-E634DFA36F6F}"
EndProject
Project("{8BC9CEB8-8B4A-11D0-8D11-00A0C91BC942}") = "函数值传递", "函数值传递\函数值传递.vcxproj", "{D7B9417F-71E7-4CE6-9FD7-6BE0A2C7C02E}"
EndProject
Project("{8BC9CEB8-8B4A-11D0-8D11-00A0C91BC942}") = "形参中的数组不是数组而是指针变量", "形参中的数组不是数组而是指针变量\形参中的数组不是数组而是指针变量.vcxproj", "{3DFC04FF-6C3A-43C4-8C88-A4BA5C9A9B6C}"
EndProject
Project("{8BC9CEB8-8B4A-11D0-8D11-00A0C91BC942}") = "test1", "test1\test1.vcxproj", "{B706A558-296D-47A8-AC38-AB4EE3EF0166}"
EndProject
Project("{8BC9CEB8-8B4A-11D0-8D11-00A0C91BC942}") = "字符数组与字符指针区别", "字符数组与字符指针区别\字符数组与字符指针区别.vcxproj", "{01C6E0A8-96BA-490C-BB14-A08BF40FF407}"
EndProject
Project("{8BC9CEB8-8B4A-11D0-8D11-00A0C91BC942}") = "指针与数组首元素", "指针与数组首元素\指针与数组首元素.vcxproj", "{4B9C4E56-7C62-42B2-8379-98E3490CEF71}"
EndProject
Project("{8BC9CEB8-8B4A-11D0-8D11-00A0C91BC942}") = "指针加减访问数组元素", "指针加减访问数组元素\指针加减访问数组元素.vcxproj", "{20B79F06-3BC4-4083-9878-AAEE1539FA8A}"
EndProject
Global
	GlobalSection(SolutionConfigurationPlatforms) = preSolution
		Debug|Mixed Platforms = Debug|Mixed Platforms
		Debug|Win32 = Debug|Win32
		Debug|x64 = Debug|x64
		Release|Mixed Platforms = Release|Mixed Platforms
		Release|Win32 = Release|Win32
		Release|x64 = Release|x64
	EndGlobalSection
	GlobalSection(ProjectConfigurationPlatforms) = postSolution
		{E0F8A3D3-91A7-46C5-B2D7-C4851AD27987}.Debug|Mixed Platforms.ActiveCfg = Debug|Win32
		{E0F8A3D3-91A7-46C5-B2D7-C4851AD27987}.Debug|Mixed Platforms.Build.0 = Debug|Win32
		{E0F8A3D3-91A7-46C5-B2D7-C4851AD27987}.Debug|Win32.ActiveCfg = Debug|Win32
		{E0F8A3D3-91A7-46C5-B2D7-C4851AD27987}.Debug|Win32.Build.0 = Debug|Win32
		{E0F8A3D3-91A7-46C5-B2D7-C4851AD27987}.Debug|x64.ActiveCfg = Debug|x64
		{E0F8A3D3-91A7-46C5-B2D7-C4851AD27987}.Debug|x64.Build.0 = Debug|x64
		{E0F8A3D3-91A7-46C5-B2D7-C4851AD27987}.Release|Mixed Platforms.ActiveCfg = Release|Win32
		{E0F8A3D3-91A7-46C5-B2D7-C4851AD27987}.Release|Mixed Platforms.Build.0 = Release|Win32
		{E0F8A3D3-91A7-46C5-B2D7-C4851AD27987}.Release|Win32.ActiveCfg = Release|Win32
		{E0F8A3D3-91A7-46C5-B2D7-C4851AD27987}.Release|Win32.Build.0 = Release|Win32
		{E0F8A3D3-91A7-46C5-B2D7-C4851AD27987}.Release|x64.ActiveCfg = Release|x64
		{E0F8A3D3-91A7-46C5-B2D7-C4851AD27987}.Release|x64.Build.0 = Release|x64
		{06C6EE42-F106-4DBA-A6E4-89300A04C01B}.Debug|Mixed Platforms.ActiveCfg = Debug|Win32
		{06C6EE42-F106-4DBA-A6E4-89300A04C01B}.Debug|Mixed Platforms.Build.0 = Debug|Win32
		{06C6EE42-F106-4DBA-A6E4-89300A04C01B}.Debug|Win32.ActiveCfg = Debug|Win32
		{06C6EE42-F106-4DBA-A6E4-89300A04C01B}.Debug|Win32.Build.0 = Debug|Win32
		{06C6EE42-F106-4DBA-A6E4-89300A04C01B}.Debug|x64.ActiveCfg = Debug|x64
		{06C6EE42-F106-4DBA-A6E4-89300A04C01B}.Debug|x64.Build.0 = Debug|x64
		{06C6EE42-F106-4DBA-A6E4-89300A04C01B}.Release|Mixed Platforms.ActiveCfg = Release|Win32
		{06C6EE42-F106-4DBA-A6E4-89300A04C01B}.Release|Mixed Platforms.Build.0 = Release|Win32
		{06C6EE42-F106-4DBA-A6E4-89300A04C01B}.Release|Win32.ActiveCfg = Release|Win32
		{06C6EE42-F106-4DBA-A6E4-89300A04C01B}.Release|Win32.Build.0 = Release|Win32
		{06C6EE42-F106-4DBA-A6E4-89300A04C01B}.Release|x64.ActiveCfg = Release|x64
		{06C6EE42-F106-4DBA-A6E4-89300A04C01B}.Release|x64.Build.0 = Release|x64
		{D962BE06-ACC3-4A67-A9A8-453C86F7CD63}.Debug|Mixed Platforms.ActiveCfg = Debug|Win32
		{D962BE06-ACC3-4A67-A9A8-453C86F7CD63}.Debug|Mixed Platforms.Build.0 = Debug|Win32
		{D962BE06-ACC3-4A67-A9A8-453C86F7CD63}.Debug|Win32.ActiveCfg = Debug|Win32
		{D962BE06-ACC3-4A67-A9A8-453C86F7CD63}.Debug|Win32.Build.0 = Debug|Win32
		{D962BE06-ACC3-4A67-A9A8-453C86F7CD63}.Debug|x64.ActiveCfg = Debug|x64
		{D962BE06-ACC3-4A67-A9A8-453C86F7CD63}.Debug|x64.Build.0 = Debug|x64
		{D962BE06-ACC3-4A67-A9A8-453C86F7CD63}.Release|Mixed Platforms.ActiveCfg = Release|Win32
		{D962BE06-ACC3-4A67-A9A8-453C86F7CD63}.Release|Mixed Platforms.Build.0 = Release|Win32
		{D962BE06-ACC3-4A67-A9A8-453C86F7CD63}.Release|Win32.ActiveCfg = Release|Win32
		{D962BE06-ACC3-4A67-A9A8-453C86F7CD63}.Release|Win32.Build.0 = Release|Win32
		{D962BE06-ACC3-4A67-A9A8-453C86F7CD63}.Release|x64.ActiveCfg = Release|x64
		{D962BE06-ACC3-4A67-A9A8-453C86F7CD63}.Release|x64.Build.0 = Release|x64
		{248FA496-1B87-43DB-8BEB-EE793C24BD7D}.Debug|Mixed Platforms.ActiveCfg = Debug|Win32
		{248FA496-1B87-43DB-8BEB-EE793C24BD7D}.Debug|Mixed Platforms.Build.0 = Debug|Win32
		{248FA496-1B87-43DB-8BEB-EE793C24BD7D}.Debug|Win32.ActiveCfg = Debug|Win32
		{248FA496-1B87-43DB-8BEB-EE793C24BD7D}.Debug|Win32.Build.0 = Debug|Win32
		{248FA496-1B87-43DB-8BEB-EE793C24BD7D}.Debug|x64.ActiveCfg = Debug|Win32
		{248FA496-1B87-43DB-8BEB-EE793C24BD7D}.Release|Mixed Platforms.ActiveCfg = Release|Win32
		{248FA496-1B87-43DB-8BEB-EE793C24BD7D}.Release|Mixed Platforms.Build.0 = Release|Win32
		{248FA496-1B87-43DB-8BEB-EE793C24BD7D}.Release|Win32.ActiveCfg = Release|Win32
		{248FA496-1B87-43DB-8BEB-EE793C24BD7D}.Release|Win32.Build.0 = Release|Win32
		{248FA496-1B87-43DB-8BEB-EE793C24BD7D}.Release|x64.ActiveCfg = Release|Win32
		{C2208AEF-1D18-40FF-A1AC-4EFF507A6A8E}.Debug|Mixed Platforms.ActiveCfg = Debug|Win32
		{C2208AEF-1D18-40FF-A1AC-4EFF507A6A8E}.Debug|Mixed Platforms.Build.0 = Debug|Win32
		{C2208AEF-1D18-40FF-A1AC-4EFF507A6A8E}.Debug|Win32.ActiveCfg = Debug|Win32
		{C2208AEF-1D18-40FF-A1AC-4EFF507A6A8E}.Debug|Win32.Build.0 = Debug|Win32
		{C2208AEF-1D18-40FF-A1AC-4EFF507A6A8E}.Debug|x64.ActiveCfg = Debug|x64
		{C2208AEF-1D18-40FF-A1AC-4EFF507A6A8E}.Debug|x64.Build.0 = Debug|x64
		{C2208AEF-1D18-40FF-A1AC-4EFF507A6A8E}.Release|Mixed Platforms.ActiveCfg = Release|Win32
		{C2208AEF-1D18-40FF-A1AC-4EFF507A6A8E}.Release|Mixed Platforms.Build.0 = Release|Win32
		{C2208AEF-1D18-40FF-A1AC-4EFF507A6A8E}.Release|Win32.ActiveCfg = Release|Win32
		{C2208AEF-1D18-40FF-A1AC-4EFF507A6A8E}.Release|Win32.Build.0 = Release|Win32
		{C2208AEF-1D18-40FF-A1AC-4EFF507A6A8E}.Release|x64.ActiveCfg = Release|x64
		{C2208AEF-1D18-40FF-A1AC-4EFF507A6A8E}.Release|x64.Build.0 = Release|x64
		{D24A6721-E5D1-4715-8DC4-9FCD14D46864}.Debug|Mixed Platforms.ActiveCfg = Debug|Win32
		{D24A6721-E5D1-4715-8DC4-9FCD14D46864}.Debug|Mixed Platforms.Build.0 = Debug|Win32
		{D24A6721-E5D1-4715-8DC4-9FCD14D46864}.Debug|Win32.ActiveCfg = Debug|Win32
		{D24A6721-E5D1-4715-8DC4-9FCD14D46864}.Debug|Win32.Build.0 = Debug|Win32
		{D24A6721-E5D1-4715-8DC4-9FCD14D46864}.Debug|x64.ActiveCfg = Debug|x64
		{D24A6721-E5D1-4715-8DC4-9FCD14D46864}.Debug|x64.Build.0 = Debug|x64
		{D24A6721-E5D1-4715-8DC4-9FCD14D46864}.Release|Mixed Platforms.ActiveCfg = Release|Win32
		{D24A6721-E5D1-4715-8DC4-9FCD14D46864}.Release|Mixed Platforms.Build.0 = Release|Win32
		{D24A6721-E5D1-4715-8DC4-9FCD14D46864}.Release|Win32.ActiveCfg = Release|Win32
		{D24A6721-E5D1-4715-8DC4-9FCD14D46864}.Release|Win32.Build.0 = Release|Win32
		{D24A6721-E5D1-4715-8DC4-9FCD14D46864}.Release|x64.ActiveCfg = Release|x64
		{D24A6721-E5D1-4715-8DC4-9FCD14D46864}.Release|x64.Build.0 = Release|x64
		{7D920320-BFCE-4D51-8216-0D7A70005DA8}.Debug|Mixed Platforms.ActiveCfg = Debug|Win32
		{7D920320-BFCE-4D51-8216-0D7A70005DA8}.Debug|Mixed Platforms.Build.0 = Debug|Win32
		{7D920320-BFCE-4D51-8216-0D7A70005DA8}.Debug|Win32.ActiveCfg = Debug|Win32
		{7D920320-BFCE-4D51-8216-0D7A70005DA8}.Debug|Win32.Build.0 = Debug|Win32
		{7D920320-BFCE-4D51-8216-0D7A70005DA8}.Debug|x64.ActiveCfg = Debug|x64
		{7D920320-BFCE-4D51-8216-0D7A70005DA8}.Debug|x64.Build.0 = Debug|x64
		{7D920320-BFCE-4D51-8216-0D7A70005DA8}.Release|Mixed Platforms.ActiveCfg = Release|Win32
		{7D920320-BFCE-4D51-8216-0D7A70005DA8}.Release|Mixed Platforms.Build.0 = Release|Win32
		{7D920320-BFCE-4D51-8216-0D7A70005DA8}.Release|Win32.ActiveCfg = Release|Win32
		{7D920320-BFCE-4D51-8216-0D7A70005DA8}.Release|Win32.Build.0 = Release|Win32
		{7D920320-BFCE-4D51-8216-0D7A70005DA8}.Release|x64.ActiveCfg = Release|x64
		{7D920320-BFCE-4D51-8216-0D7A70005DA8}.Release|x64.Build.0 = Release|x64
		{CF974793-D0EB-4DAE-BD69-1B661F419253}.Debug|Mixed Platforms.ActiveCfg = Debug|Win32
		{CF974793-D0EB-4DAE-BD69-1B661F419253}.Debug|Mixed Platforms.Build.0 = Debug|Win32
		{CF974793-D0EB-4DAE-BD69-1B661F419253}.Debug|Win32.ActiveCfg = Debug|Win32
		{CF974793-D0EB-4DAE-BD69-1B661F419253}.Debug|Win32.Build.0 = Debug|Win32
		{CF974793-D0EB-4DAE-BD69-1B661F419253}.Debug|x64.ActiveCfg = Debug|x64
		{CF974793-D0EB-4DAE-BD69-1B661F419253}.Debug|x64.Build.0 = Debug|x64
		{CF974793-D0EB-4DAE-BD69-1B661F419253}.Release|Mixed Platforms.ActiveCfg = Release|Win32
		{CF974793-D0EB-4DAE-BD69-1B661F419253}.Release|Mixed Platforms.Build.0 = Release|Win32
		{CF974793-D0EB-4DAE-BD69-1B661F419253}.Release|Win32.ActiveCfg = Release|Win32
		{CF974793-D0EB-4DAE-BD69-1B661F419253}.Release|Win32.Build.0 = Release|Win32
		{CF974793-D0EB-4DAE-BD69-1B661F419253}.Release|x64.ActiveCfg = Release|x64
		{CF974793-D0EB-4DAE-BD69-1B661F419253}.Release|x64.Build.0 = Release|x64
		{574EC062-AE60-4A1D-87BE-1C97ACA7F483}.Debug|Mixed Platforms.ActiveCfg = Debug|Win32
		{574EC062-AE60-4A1D-87BE-1C97ACA7F483}.Debug|Mixed Platforms.Build.0 = Debug|Win32
		{574EC062-AE60-4A1D-87BE-1C97ACA7F483}.Debug|Win32.ActiveCfg = Debug|Win32
		{574EC062-AE60-4A1D-87BE-1C97ACA7F483}.Debug|Win32.Build.0 = Debug|Win32
		{574EC062-AE60-4A1D-87BE-1C97ACA7F483}.Debug|x64.ActiveCfg = Debug|x64
		{574EC062-AE60-4A1D-87BE-1C97ACA7F483}.Debug|x64.Build.0 = Debug|x64
		{574EC062-AE60-4A1D-87BE-1C97ACA7F483}.Release|Mixed Platforms.ActiveCfg = Release|Win32
		{574EC062-AE60-4A1D-87BE-1C97ACA7F483}.Release|Mixed Platforms.Build.0 = Release|Win32
		{574EC062-AE60-4A1D-87BE-1C97ACA7F483}.Release|Win32.ActiveCfg = Release|Win32
		{574EC062-AE60-4A1D-87BE-1C97ACA7F483}.Release|Win32.Build.0 = Release|Win32
		{574EC062-AE60-4A1D-87BE-1C97ACA7F483}.Release|x64.ActiveCfg = Release|x64
		{574EC062-AE60-4A1D-87BE-1C97ACA7F483}.Release|x64.Build.0 = Release|x64
		{36C9EBBE-C271-4EE9-A2F3-178EA6BF1B01}.Debug|Mixed Platforms.ActiveCfg = Debug|Win32
		{36C9EBBE-C271-4EE9-A2F3-178EA6BF1B01}.Debug|Mixed Platforms.Build.0 = Debug|Win32
		{36C9EBBE-C271-4EE9-A2F3-178EA6BF1B01}.Debug|Win32.ActiveCfg = Debug|Win32
		{36C9EBBE-C271-4EE9-A2F3-178EA6BF1B01}.Debug|Win32.Build.0 = Debug|Win32
		{36C9EBBE-C271-4EE9-A2F3-178EA6BF1B01}.Debug|x64.ActiveCfg = Debug|x64
		{36C9EBBE-C271-4EE9-A2F3-178EA6BF1B01}.Debug|x64.Build.0 = Debug|x64
		{36C9EBBE-C271-4EE9-A2F3-178EA6BF1B01}.Release|Mixed Platforms.ActiveCfg = Release|Win32
		{36C9EBBE-C271-4EE9-A2F3-178EA6BF1B01}.Release|Mixed Platforms.Build.0 = Release|Win32
		{36C9EBBE-C271-4EE9-A2F3-178EA6BF1B01}.Release|Win32.ActiveCfg = Release|Win32
		{36C9EBBE-C271-4EE9-A2F3-178EA6BF1B01}.Release|Win32.Build.0 = Release|Win32
		{36C9EBBE-C271-4EE9-A2F3-178EA6BF1B01}.Release|x64.ActiveCfg = Release|x64
		{36C9EBBE-C271-4EE9-A2F3-178EA6BF1B01}.Release|x64.Build.0 = Release|x64
		{4DF21A0E-779D-4582-987C-E634DFA36F6F}.Debug|Mixed Platforms.ActiveCfg = Debug|Win32
		{4DF21A0E-779D-4582-987C-E634DFA36F6F}.Debug|Mixed Platforms.Build.0 = Debug|Win32
		{4DF21A0E-779D-4582-987C-E634DFA36F6F}.Debug|Win32.ActiveCfg = Debug|Win32
		{4DF21A0E-779D-4582-987C-E634DFA36F6F}.Debug|Win32.Build.0 = Debug|Win32
		{4DF21A0E-779D-4582-987C-E634DFA36F6F}.Debug|x64.ActiveCfg = Debug|x64
		{4DF21A0E-779D-4582-987C-E634DFA36F6F}.Debug|x64.Build.0 = Debug|x64
		{4DF21A0E-779D-4582-987C-E634DFA36F6F}.Release|Mixed Platforms.ActiveCfg = Release|Win32
		{4DF21A0E-779D-4582-987C-E634DFA36F6F}.Release|Mixed Platforms.Build.0 = Release|Win32
		{4DF21A0E-779D-4582-987C-E634DFA36F6F}.Release|Win32.ActiveCfg = Release|Win32
		{4DF21A0E-779D-4582-987C-E634DFA36F6F}.Release|Win32.Build.0 = Release|Win32
		{4DF21A0E-779D-4582-987C-E634DFA36F6F}.Release|x64.ActiveCfg = Release|x64
		{4DF21A0E-779D-4582-987C-E634DFA36F6F}.Release|x64.Build.0 = Release|x64
		{D7B9417F-71E7-4CE6-9FD7-6BE0A2C7C02E}.Debug|Mixed Platforms.ActiveCfg = Debug|Win32
		{D7B9417F-71E7-4CE6-9FD7-6BE0A2C7C02E}.Debug|Mixed Platforms.Build.0 = Debug|Win32
		{D7B9417F-71E7-4CE6-9FD7-6BE0A2C7C02E}.Debug|Win32.ActiveCfg = Debug|Win32
		{D7B9417F-71E7-4CE6-9FD7-6BE0A2C7C02E}.Debug|Win32.Build.0 = Debug|Win32
		{D7B9417F-71E7-4CE6-9FD7-6BE0A2C7C02E}.Debug|x64.ActiveCfg = Debug|x64
		{D7B9417F-71E7-4CE6-9FD7-6BE0A2C7C02E}.Debug|x64.Build.0 = Debug|x64
		{D7B9417F-71E7-4CE6-9FD7-6BE0A2C7C02E}.Release|Mixed Platforms.ActiveCfg = Release|Win32
		{D7B9417F-71E7-4CE6-9FD7-6BE0A2C7C02E}.Release|Mixed Platforms.Build.0 = Release|Win32
		{D7B9417F-71E7-4CE6-9FD7-6BE0A2C7C02E}.Release|Win32.ActiveCfg = Release|Win32
		{D7B9417F-71E7-4CE6-9FD7-6BE0A2C7C02E}.Release|Win32.Build.0 = Release|Win32
		{D7B9417F-71E7-4CE6-9FD7-6BE0A2C7C02E}.Release|x64.ActiveCfg = Release|x64
		{D7B9417F-71E7-4CE6-9FD7-6BE0A2C7C02E}.Release|x64.Build.0 = Release|x64
		{3DFC04FF-6C3A-43C4-8C88-A4BA5C9A9B6C}.Debug|Mixed Platforms.ActiveCfg = Debug|Win32
		{3DFC04FF-6C3A-43C4-8C88-A4BA5C9A9B6C}.Debug|Mixed Platforms.Build.0 = Debug|Win32
		{3DFC04FF-6C3A-43C4-8C88-A4BA5C9A9B6C}.Debug|Win32.ActiveCfg = Debug|Win32
		{3DFC04FF-6C3A-43C4-8C88-A4BA5C9A9B6C}.Debug|Win32.Build.0 = Debug|Win32
		{3DFC04FF-6C3A-43C4-8C88-A4BA5C9A9B6C}.Debug|x64.ActiveCfg = Debug|x64
		{3DFC04FF-6C3A-43C4-8C88-A4BA5C9A9B6C}.Debug|x64.Build.0 = Debug|x64
		{3DFC04FF-6C3A-43C4-8C88-A4BA5C9A9B6C}.Release|Mixed Platforms.ActiveCfg = Release|Win32
		{3DFC04FF-6C3A-43C4-8C88-A4BA5C9A9B6C}.Release|Mixed Platforms.Build.0 = Release|Win32
		{3DFC04FF-6C3A-43C4-8C88-A4BA5C9A9B6C}.Release|Win32.ActiveCfg = Release|Win32
		{3DFC04FF-6C3A-43C4-8C88-A4BA5C9A9B6C}.Release|Win32.Build.0 = Release|Win32
		{3DFC04FF-6C3A-43C4-8C88-A4BA5C9A9B6C}.Release|x64.ActiveCfg = Release|x64
		{3DFC04FF-6C3A-43C4-8C88-A4BA5C9A9B6C}.Release|x64.Build.0 = Release|x64
		{B706A558-296D-47A8-AC38-AB4EE3EF0166}.Debug|Mixed Platforms.ActiveCfg = Debug|Win32
		{B706A558-296D-47A8-AC38-AB4EE3EF0166}.Debug|Mixed Platforms.Build.0 = Debug|Win32
		{B706A558-296D-47A8-AC38-AB4EE3EF0166}.Debug|Win32.ActiveCfg = Debug|Win32
		{B706A558-296D-47A8-AC38-AB4EE3EF0166}.Debug|Win32.Build.0 = Debug|Win32
		{B706A558-296D-47A8-AC38-AB4EE3EF0166}.Debug|x64.ActiveCfg = Debug|x64
		{B706A558-296D-47A8-AC38-AB4EE3EF0166}.Debug|x64.Build.0 = Debug|x64
		{B706A558-296D-47A8-AC38-AB4EE3EF0166}.Release|Mixed Platforms.ActiveCfg = Release|Win32
		{B706A558-296D-47A8-AC38-AB4EE3EF0166}.Release|Mixed Platforms.Build.0 = Release|Win32
		{B706A558-296D-47A8-AC38-AB4EE3EF0166}.Release|Win32.ActiveCfg = Release|Win32
		{B706A558-296D-47A8-AC38-AB4EE3EF0166}.Release|Win32.Build.0 = Release|Win32
		{B706A558-296D-47A8-AC38-AB4EE3EF0166}.Release|x64.ActiveCfg = Release|x64
		{B706A558-296D-47A8-AC38-AB4EE3EF0166}.Release|x64.Build.0 = Release|x64
		{01C6E0A8-96BA-490C-BB14-A08BF40FF407}.Debug|Mixed Platforms.ActiveCfg = Debug|Win32
		{01C6E0A8-96BA-490C-BB14-A08BF40FF407}.Debug|Mixed Platforms.Build.0 = Debug|Win32
		{01C6E0A8-96BA-490C-BB14-A08BF40FF407}.Debug|Win32.ActiveCfg = Debug|Win32
		{01C6E0A8-96BA-490C-BB14-A08BF40FF407}.Debug|Win32.Build.0 = Debug|Win32
		{01C6E0A8-96BA-490C-BB14-A08BF40FF407}.Debug|x64.ActiveCfg = Debug|x64
		{01C6E0A8-96BA-490C-BB14-A08BF40FF407}.Debug|x64.Build.0 = Debug|x64
		{01C6E0A8-96BA-490C-BB14-A08BF40FF407}.Release|Mixed Platforms.ActiveCfg = Release|Win32
		{01C6E0A8-96BA-490C-BB14-A08BF40FF407}.Release|Mixed Platforms.Build.0 = Release|Win32
		{01C6E0A8-96BA-490C-BB14-A08BF40FF407}.Release|Win32.ActiveCfg = Release|Win32
		{01C6E0A8-96BA-490C-BB14-A08BF40FF407}.Release|Win32.Build.0 = Release|Win32
		{01C6E0A8-96BA-490C-BB14-A08BF40FF407}.Release|x64.ActiveCfg = Release|x64
		{01C6E0A8-96BA-490C-BB14-A08BF40FF407}.Release|x64.Build.0 = Release|x64
		{4B9C4E56-7C62-42B2-8379-98E3490CEF71}.Debug|Mixed Platforms.ActiveCfg = Debug|Win32
		{4B9C4E56-7C62-42B2-8379-98E3490CEF71}.Debug|Mixed Platforms.Build.0 = Debug|Win32
		{4B9C4E56-7C62-42B2-8379-98E3490CEF71}.Debug|Win32.ActiveCfg = Debug|Win32
		{4B9C4E56-7C62-42B2-8379-98E3490CEF71}.Debug|Win32.Build.0 = Debug|Win32
		{4B9C4E56-7C62-42B2-8379-98E3490CEF71}.Debug|x64.ActiveCfg = Debug|x64
		{4B9C4E56-7C62-42B2-8379-98E3490CEF71}.Debug|x64.Build.0 = Debug|x64
		{4B9C4E56-7C62-42B2-8379-98E3490CEF71}.Release|Mixed Platforms.ActiveCfg = Release|Win32
		{4B9C4E56-7C62-42B2-8379-98E3490CEF71}.Release|Mixed Platforms.Build.0 = Release|Win32
		{4B9C4E56-7C62-42B2-8379-98E3490CEF71}.Release|Win32.ActiveCfg = Release|Win32
		{4B9C4E56-7C62-42B2-8379-98E3490CEF71}.Release|Win32.Build.0 = Release|Win32
		{4B9C4E56-7C62-42B2-8379-98E3490CEF71}.Release|x64.ActiveCfg = Release|x64
		{4B9C4E56-7C62-42B2-8379-98E3490CEF71}.Release|x64.Build.0 = Release|x64
		{20B79F06-3BC4-4083-9878-AAEE1539FA8A}.Debug|Mixed Platforms.ActiveCfg = Debug|Win32
		{20B79F06-3BC4-4083-9878-AAEE1539FA8A}.Debug|Mixed Platforms.Build.0 = Debug|Win32
		{20B79F06-3BC4-4083-9878-AAEE1539FA8A}.Debug|Win32.ActiveCfg = Debug|Win32
		{20B79F06-3BC4-4083-9878-AAEE1539FA8A}.Debug|Win32.Build.0 = Debug|Win32
		{20B79F06-3BC4-4083-9878-AAEE1539FA8A}.Debug|x64.ActiveCfg = Debug|x64
		{20B79F06-3BC4-4083-9878-AAEE1539FA8A}.Debug|x64.Build.0 = Debug|x64
		{20B79F06-3BC4-4083-9878-AAEE1539FA8A}.Release|Mixed Platforms.ActiveCfg = Release|Win32
		{20B79F06-3BC4-4083-9878-AAEE1539FA8A}.Release|Mixed Platforms.Build.0 = Release|Win32
		{20B79F06-3BC4-4083-9878-AAEE1539FA8A}.Release|Win32.ActiveCfg = Release|Win32
		{20B79F06-3BC4-4083-9878-AAEE1539FA8A}.Release|Win32.Build.0 = Release|Win32
		{20B79F06-3BC4-4083-9878-AAEE1539FA8A}.Release|x64.ActiveCfg = Release|x64
		{20B79F06-3BC4-4083-9878-AAEE1539FA8A}.Release|x64.Build.0 = Release|x64
	EndGlobalSection
	GlobalSection(SolutionProperties) = preSolution
		HideSolutionNode = FALSE
	EndGlobalSection
EndGlobal
